
Microsoft Visual Studio Solution File, Format Version 12.00
# Visual Studio for Mac
Project("{FAE04EC0-301F-11D3-BF4B-00C04F79EFBC}") = "Assembly-CSharp", "Assembly-CSharp.csproj", "{95B6FD2F-F4A0-0A66-D2BD-D6488308D440}"
EndProject
Project("{FAE04EC0-301F-11D3-BF4B-00C04F79EFBC}") = "Assembly-CSharp-firstpass", "Assembly-CSharp-firstpass.csproj", "{0320FE4D-829E-C835-93FF-2F71CE784398}"
EndProject
Project("{FAE04EC0-301F-11D3-BF4B-00C04F79EFBC}") = "Assembly-CSharp-Editor-firstpass", "Assembly-CSharp-Editor-firstpass.csproj", "{8F192CD3-3A34-C79A-B81B-5687A61AAFE2}"
EndProject
Global
	GlobalSection(SolutionConfigurationPlatforms) = preSolution
		Debug|Any CPU = Debug|Any CPU
		Release|Any CPU = Release|Any CPU
	EndGlobalSection
	GlobalSection(ProjectConfigurationPlatforms) = postSolution
		{95B6FD2F-F4A0-0A66-D2BD-D6488308D440}.Debug|Any CPU.ActiveCfg = Debug|Any CPU
		{95B6FD2F-F4A0-0A66-D2BD-D6488308D440}.Debug|Any CPU.Build.0 = Debug|Any CPU
		{95B6FD2F-F4A0-0A66-D2BD-D6488308D440}.Release|Any CPU.ActiveCfg = Release|Any CPU
		{95B6FD2F-F4A0-0A66-D2BD-D6488308D440}.Release|Any CPU.Build.0 = Release|Any CPU
		{0320FE4D-829E-C835-93FF-2F71CE784398}.Debug|Any CPU.ActiveCfg = Debug|Any CPU
		{0320FE4D-829E-C835-93FF-2F71CE784398}.Debug|Any CPU.Build.0 = Debug|Any CPU
		{0320FE4D-829E-C835-93FF-2F71CE784398}.Release|Any CPU.ActiveCfg = Release|Any CPU
		{0320FE4D-829E-C835-93FF-2F71CE784398}.Release|Any CPU.Build.0 = Release|Any CPU
		{8F192CD3-3A34-C79A-B81B-5687A61AAFE2}.Debug|Any CPU.ActiveCfg = Debug|Any CPU
		{8F192CD3-3A34-C79A-B81B-5687A61AAFE2}.Debug|Any CPU.Build.0 = Debug|Any CPU
		{8F192CD3-3A34-C79A-B81B-5687A61AAFE2}.Release|Any CPU.ActiveCfg = Release|Any CPU
		{8F192CD3-3A34-C79A-B81B-5687A61AAFE2}.Release|Any CPU.Build.0 = Release|Any CPU
	EndGlobalSection
	GlobalSection(SolutionProperties) = preSolution
		HideSolutionNode = FALSE
	EndGlobalSection
EndGlobal
